
Microsoft Visual Studio Solution File, Format Version 12.00
# Visual Studio Version 17
VisualStudioVersion = 17.10.35122.118
MinimumVisualStudioVersion = 10.0.40219.1
Project("{9A19103F-16F7-4668-BE54-9A1E7A4F7556}") = "PlatformService", "PlatformService.csproj", "{FE6E8FD0-52D7-44D4-81D0-65AE8CCCB3E2}"
EndProject
Project("{2150E333-8FDC-42A3-9474-1A3956D46DE8}") = "Platform", "Platform", "{70549125-1FA7-4F39-98B3-A45150BA6DA5}"
EndProject
Project("{2150E333-8FDC-42A3-9474-1A3956D46DE8}") = "CommandService", "CommandService", "{9320EFA1-1C2E-43D7-9228-A0F76F44EE31}"
EndProject
Project("{9A19103F-16F7-4668-BE54-9A1E7A4F7556}") = "CommandService", "..\CommandService\CommandService.csproj", "{1881F218-52D5-4E92-9545-9A69C36F1BDD}"
EndProject
Global
	GlobalSection(SolutionConfigurationPlatforms) = preSolution
		Debug|Any CPU = Debug|Any CPU
		Release|Any CPU = Release|Any CPU
	EndGlobalSection
	GlobalSection(ProjectConfigurationPlatforms) = postSolution
		{FE6E8FD0-52D7-44D4-81D0-65AE8CCCB3E2}.Debug|Any CPU.ActiveCfg = Debug|Any CPU
		{FE6E8FD0-52D7-44D4-81D0-65AE8CCCB3E2}.Debug|Any CPU.Build.0 = Debug|Any CPU
		{FE6E8FD0-52D7-44D4-81D0-65AE8CCCB3E2}.Release|Any CPU.ActiveCfg = Release|Any CPU
		{FE6E8FD0-52D7-44D4-81D0-65AE8CCCB3E2}.Release|Any CPU.Build.0 = Release|Any CPU
		{1881F218-52D5-4E92-9545-9A69C36F1BDD}.Debug|Any CPU.ActiveCfg = Debug|Any CPU
		{1881F218-52D5-4E92-9545-9A69C36F1BDD}.Debug|Any CPU.Build.0 = Debug|Any CPU
		{1881F218-52D5-4E92-9545-9A69C36F1BDD}.Release|Any CPU.ActiveCfg = Release|Any CPU
		{1881F218-52D5-4E92-9545-9A69C36F1BDD}.Release|Any CPU.Build.0 = Release|Any CPU
	EndGlobalSection
	GlobalSection(SolutionProperties) = preSolution
		HideSolutionNode = FALSE
	EndGlobalSection
	GlobalSection(NestedProjects) = preSolution
		{FE6E8FD0-52D7-44D4-81D0-65AE8CCCB3E2} = {70549125-1FA7-4F39-98B3-A45150BA6DA5}
		{1881F218-52D5-4E92-9545-9A69C36F1BDD} = {9320EFA1-1C2E-43D7-9228-A0F76F44EE31}
	EndGlobalSection
	GlobalSection(ExtensibilityGlobals) = postSolution
		SolutionGuid = {D02898A9-6D16-4D98-8A78-6783A5419571}
	EndGlobalSection
EndGlobal
